
Microsoft Visual Studio Solution File, Format Version 12.00
# Visual Studio Version 17
VisualStudioVersion = 17.0.31903.59
MinimumVisualStudioVersion = 10.0.40219.1
Project("{9A19103F-16F7-4668-BE54-9A1E7A4F7556}") = "CI_PLATFORM", "CI_PLATFORM.csproj", "{D3FEA696-E2A4-43F7-A870-ED96F6F8A6CF}"
	ProjectSection(ProjectDependencies) = postProject
		{EC5EF5BD-C25F-4A5B-B94E-8BB9ED9D0BCB} = {EC5EF5BD-C25F-4A5B-B94E-8BB9ED9D0BCB}
		{04C251F3-C8D9-49D0-B70F-7968AAF6E658} = {04C251F3-C8D9-49D0-B70F-7968AAF6E658}
	EndProjectSection
EndProject
Project("{2150E333-8FDC-42A3-9474-1A3956D46DE8}") = "Solution Items", "Solution Items", "{549A834E-0FEF-4D0F-A15B-73E8354C068E}"
	ProjectSection(SolutionItems) = preProject
		.editorconfig = .editorconfig
	EndProjectSection
EndProject
Project("{FAE04EC0-301F-11D3-BF4B-00C04F79EFBC}") = "CI_PLATFORM_MODELS", "..\CI_PLATFORM_MODELS\CI_PLATFORM_MODELS.csproj", "{04C251F3-C8D9-49D0-B70F-7968AAF6E658}"
EndProject
Project("{FAE04EC0-301F-11D3-BF4B-00C04F79EFBC}") = "CI_PLATFOEM_REPOSITORY", "..\CI_PLATFOEM_REPOSITORY\CI_PLATFOEM_REPOSITORY.csproj", "{EC5EF5BD-C25F-4A5B-B94E-8BB9ED9D0BCB}"
EndProject
Global
	GlobalSection(SolutionConfigurationPlatforms) = preSolution
		Debug|Any CPU = Debug|Any CPU
		Release|Any CPU = Release|Any CPU
	EndGlobalSection
	GlobalSection(ProjectConfigurationPlatforms) = postSolution
		{D3FEA696-E2A4-43F7-A870-ED96F6F8A6CF}.Debug|Any CPU.ActiveCfg = Debug|Any CPU
		{D3FEA696-E2A4-43F7-A870-ED96F6F8A6CF}.Debug|Any CPU.Build.0 = Debug|Any CPU
		{D3FEA696-E2A4-43F7-A870-ED96F6F8A6CF}.Release|Any CPU.ActiveCfg = Release|Any CPU
		{D3FEA696-E2A4-43F7-A870-ED96F6F8A6CF}.Release|Any CPU.Build.0 = Release|Any CPU
		{04C251F3-C8D9-49D0-B70F-7968AAF6E658}.Debug|Any CPU.ActiveCfg = Debug|Any CPU
		{04C251F3-C8D9-49D0-B70F-7968AAF6E658}.Debug|Any CPU.Build.0 = Debug|Any CPU
		{04C251F3-C8D9-49D0-B70F-7968AAF6E658}.Release|Any CPU.ActiveCfg = Release|Any CPU
		{04C251F3-C8D9-49D0-B70F-7968AAF6E658}.Release|Any CPU.Build.0 = Release|Any CPU
		{EC5EF5BD-C25F-4A5B-B94E-8BB9ED9D0BCB}.Debug|Any CPU.ActiveCfg = Debug|Any CPU
		{EC5EF5BD-C25F-4A5B-B94E-8BB9ED9D0BCB}.Debug|Any CPU.Build.0 = Debug|Any CPU
		{EC5EF5BD-C25F-4A5B-B94E-8BB9ED9D0BCB}.Release|Any CPU.ActiveCfg = Release|Any CPU
		{EC5EF5BD-C25F-4A5B-B94E-8BB9ED9D0BCB}.Release|Any CPU.Build.0 = Release|Any CPU
	EndGlobalSection
	GlobalSection(SolutionProperties) = preSolution
		HideSolutionNode = FALSE
	EndGlobalSection
	GlobalSection(ExtensibilityGlobals) = postSolution
		SolutionGuid = {2A83A982-1530-4AF2-B7C9-E4D24D1D63D3}
	EndGlobalSection
EndGlobal
